
Microsoft Visual Studio Solution File, Format Version 12.00
# Visual Studio 15
VisualStudioVersion = 15.0.27703.2042
MinimumVisualStudioVersion = 10.0.40219.1
Project("{FAE04EC0-301F-11D3-BF4B-00C04F79EFBC}") = "Event Grid Dead Lettering", "Event Grid Dead Lettering\Event Grid Dead Lettering.csproj", "{A2EC3457-A87A-4227-8E56-1B5DBF716BEE}"
EndProject
Global
	GlobalSection(SolutionConfigurationPlatforms) = preSolution
		Debug|Any CPU = Debug|Any CPU
		Release|Any CPU = Release|Any CPU
	EndGlobalSection
	GlobalSection(ProjectConfigurationPlatforms) = postSolution
		{A2EC3457-A87A-4227-8E56-1B5DBF716BEE}.Debug|Any CPU.ActiveCfg = Debug|Any CPU
		{A2EC3457-A87A-4227-8E56-1B5DBF716BEE}.Debug|Any CPU.Build.0 = Debug|Any CPU
		{A2EC3457-A87A-4227-8E56-1B5DBF716BEE}.Release|Any CPU.ActiveCfg = Release|Any CPU
		{A2EC3457-A87A-4227-8E56-1B5DBF716BEE}.Release|Any CPU.Build.0 = Release|Any CPU
	EndGlobalSection
	GlobalSection(SolutionProperties) = preSolution
		HideSolutionNode = FALSE
	EndGlobalSection
	GlobalSection(ExtensibilityGlobals) = postSolution
		SolutionGuid = {C2BBDC38-A49B-4D2B-8ED3-83BC7290CB81}
	EndGlobalSection
EndGlobal
